{
  "name": "@nonsensebb/stylelint-config-scss",
  "version": "0.2.0",
  "lockfileVersion": 1,
  "requires": true,
  "dependencies": {
    "@nonsensebb/stylelint-config": {
      "version": "0.2.0",
      "resolved": "https://registry.npmjs.org/@nonsensebb/stylelint-config/-/stylelint-config-0.2.0.tgz",
      "integrity": "sha512-3zkqPS3WRYLA3WuFyiYpCvARBPaxNj4n5crdsZ568Y7W21/88KwHBFGHuxhvOHaRoV2WU48LGF+eJuY69l+1mQ==",
      "requires": {
        "stylelint-config-recommended": "^3.0.0"
      }
    },
    "stylelint-config-recommended": {
      "version": "3.0.0",
      "resolved": "https://registry.npmjs.org/stylelint-config-recommended/-/stylelint-config-recommended-3.0.0.tgz",
      "integrity": "sha512-F6yTRuc06xr1h5Qw/ykb2LuFynJ2IxkKfCMf+1xqPffkxh0S09Zc902XCffcsw/XMFq/OzQ1w54fLIDtmRNHnQ=="
    },
    "stylelint-config-recommended-scss": {
      "version": "4.2.0",
      "resolved": "https://registry.npmjs.org/stylelint-config-recommended-scss/-/stylelint-config-recommended-scss-4.2.0.tgz",
      "integrity": "sha512-4bI5BYbabo/GCQ6LbRZx/ZlVkK65a1jivNNsD+ix/Lw0U3iAch+jQcvliGnnAX8SUPaZ0UqzNVNNAF3urswa7g==",
      "requires": {
        "stylelint-config-recommended": "^3.0.0"
      }
    }
  }
}
