{
  "name": "@nonsensebb/eslint-config-preact",
  "version": "0.1.7",
  "lockfileVersion": 1,
  "requires": true,
  "dependencies": {
    "@nonsensebb/eslint-config": {
      "version": "0.1.7",
      "resolved": "https://registry.npmjs.org/@nonsensebb/eslint-config/-/eslint-config-0.1.7.tgz",
      "integrity": "sha512-6XGgeA9mv4zAg8ek/nXTc40R4z6gJNtow4t2/pIjVB4qD84QyUyCz98bwnJcrA7jwxRmn4oN/BYBQIcG6JNVaA=="
    }
  }
}
