{
  "name": "@nonsensebb/eslint-config-preact",
  "version": "0.2.0",
  "lockfileVersion": 1,
  "requires": true,
  "dependencies": {
    "@nonsensebb/eslint-config": {
      "version": "0.2.0",
      "resolved": "https://registry.npmjs.org/@nonsensebb/eslint-config/-/eslint-config-0.2.0.tgz",
      "integrity": "sha512-kRx/3bGatiQsPciuX53i7CQZintTLd72h0XJiNCL4FW+dGcErfnLZttUdqUm3yTsYJDR/rfGvxAmrLll9lHDxg=="
    }
  }
}
